{
  "nodes": {
    "nixpkgsSrc": {
      "locked": {
        "lastModified": 1762977756,
        "narHash": "sha256-4PqRErxfe+2toFJFgcRKZ0UI9NSIOJa+7RXVtBhy4KE=",
        "owner": "nixos",
        "repo": "nixpkgs",
        "rev": "c5ae371f1a6a7fd27823bc500d9390b38c05fa55",
        "type": "github"
      },
      "original": {
        "owner": "nixos",
        "ref": "nixos-unstable",
        "repo": "nixpkgs",
        "type": "github"
      }
    },
    "root": {
      "inputs": {
        "nixpkgsSrc": "nixpkgsSrc",
        "rustOverlay": "rustOverlay"
      }
    },
    "rustOverlay": {
      "inputs": {
        "nixpkgs": [
          "nixpkgsSrc"
        ]
      },
      "locked": {
        "lastModified": 1765334520,
        "narHash": "sha256-jTof2+ir9UPmv4lWksYO6WbaXCC0nsDExrB9KZj7Dz4=",
        "owner": "oxalica",
        "repo": "rust-overlay",
        "rev": "db61f666aea93b28f644861fbddd37f235cc5983",
        "type": "github"
      },
      "original": {
        "owner": "oxalica",
        "repo": "rust-overlay",
        "type": "github"
      }
    }
  },
  "root": "root",
  "version": 7
}
